
Microsoft Visual Studio Solution File, Format Version 12.00
# Visual Studio Version 17
Project("{2150E333-8FDC-42A3-9474-1A3956D46DE8}") = "CMakePredefinedTargets", "CMakePredefinedTargets", "{0CD5F4E6-F4DE-3C25-9979-EFCCECE72FA0}"
EndProject
Project("{2150E333-8FDC-42A3-9474-1A3956D46DE8}") = "plugins", "plugins", "{6047ADA0-A4C6-317E-B9E6-6119CA77F871}"
EndProject
Project("{2150E333-8FDC-42A3-9474-1A3956D46DE8}") = "bongobs-cat", "plugins\bongobs-cat", "{1DDB0970-090D-31C5-AC78-AE8283979193}"
EndProject
Project("{8BC9CEB8-8B4A-11D0-8D11-00A0C91BC942}") = "ALL_BUILD", "ALL_BUILD.vcxproj", "{6A9256C0-6E28-35AC-AA9A-8E2ACAD8E4EC}"
	ProjectSection(ProjectDependencies) = postProject
		{BEA2FFB9-EC01-3880-AB95-6FCC78ED1FF6} = {BEA2FFB9-EC01-3880-AB95-6FCC78ED1FF6}
		{482E2F68-3B6B-380A-A647-C2AA98BDEB73} = {482E2F68-3B6B-380A-A647-C2AA98BDEB73}
		{4868DC90-6481-35AA-9CF5-7E2DF6333D01} = {4868DC90-6481-35AA-9CF5-7E2DF6333D01}
		{B31491F1-AB6E-37FA-8EA1-A837A059860B} = {B31491F1-AB6E-37FA-8EA1-A837A059860B}
		{06C1A429-3DC0-3E75-BB65-C974CCF51C92} = {06C1A429-3DC0-3E75-BB65-C974CCF51C92}
	EndProjectSection
EndProject
Project("{8BC9CEB8-8B4A-11D0-8D11-00A0C91BC942}") = "INSTALL", "INSTALL.vcxproj", "{5D8BA243-4A29-3E95-8A9A-0895F427131B}"
	ProjectSection(ProjectDependencies) = postProject
		{6A9256C0-6E28-35AC-AA9A-8E2ACAD8E4EC} = {6A9256C0-6E28-35AC-AA9A-8E2ACAD8E4EC}
		{BEA2FFB9-EC01-3880-AB95-6FCC78ED1FF6} = {BEA2FFB9-EC01-3880-AB95-6FCC78ED1FF6}
	EndProjectSection
EndProject
Project("{8BC9CEB8-8B4A-11D0-8D11-00A0C91BC942}") = "PACKAGE", "PACKAGE.vcxproj", "{83C20776-FCDA-3FFC-A19C-79D681CB447B}"
	ProjectSection(ProjectDependencies) = postProject
		{6A9256C0-6E28-35AC-AA9A-8E2ACAD8E4EC} = {6A9256C0-6E28-35AC-AA9A-8E2ACAD8E4EC}
		{BEA2FFB9-EC01-3880-AB95-6FCC78ED1FF6} = {BEA2FFB9-EC01-3880-AB95-6FCC78ED1FF6}
	EndProjectSection
EndProject
Project("{8BC9CEB8-8B4A-11D0-8D11-00A0C91BC942}") = "ZERO_CHECK", "..\..\..\..\build\ZERO_CHECK.vcxproj", "{BEA2FFB9-EC01-3880-AB95-6FCC78ED1FF6}"
	ProjectSection(ProjectDependencies) = postProject
	EndProjectSection
EndProject
Project("{8BC9CEB8-8B4A-11D0-8D11-00A0C91BC942}") = "glew", "glew.vcxproj", "{482E2F68-3B6B-380A-A647-C2AA98BDEB73}"
	ProjectSection(ProjectDependencies) = postProject
		{BEA2FFB9-EC01-3880-AB95-6FCC78ED1FF6} = {BEA2FFB9-EC01-3880-AB95-6FCC78ED1FF6}
	EndProjectSection
EndProject
Project("{8BC9CEB8-8B4A-11D0-8D11-00A0C91BC942}") = "glew_s", "glew_s.vcxproj", "{4868DC90-6481-35AA-9CF5-7E2DF6333D01}"
	ProjectSection(ProjectDependencies) = postProject
		{BEA2FFB9-EC01-3880-AB95-6FCC78ED1FF6} = {BEA2FFB9-EC01-3880-AB95-6FCC78ED1FF6}
	EndProjectSection
EndProject
Project("{8BC9CEB8-8B4A-11D0-8D11-00A0C91BC942}") = "glewinfo", "glewinfo.vcxproj", "{B31491F1-AB6E-37FA-8EA1-A837A059860B}"
	ProjectSection(ProjectDependencies) = postProject
		{BEA2FFB9-EC01-3880-AB95-6FCC78ED1FF6} = {BEA2FFB9-EC01-3880-AB95-6FCC78ED1FF6}
		{482E2F68-3B6B-380A-A647-C2AA98BDEB73} = {482E2F68-3B6B-380A-A647-C2AA98BDEB73}
	EndProjectSection
EndProject
Project("{8BC9CEB8-8B4A-11D0-8D11-00A0C91BC942}") = "uninstall", "uninstall.vcxproj", "{47CAC563-498E-3DF9-B6E7-0DD3B699032B}"
	ProjectSection(ProjectDependencies) = postProject
		{BEA2FFB9-EC01-3880-AB95-6FCC78ED1FF6} = {BEA2FFB9-EC01-3880-AB95-6FCC78ED1FF6}
	EndProjectSection
EndProject
Project("{8BC9CEB8-8B4A-11D0-8D11-00A0C91BC942}") = "visualinfo", "visualinfo.vcxproj", "{06C1A429-3DC0-3E75-BB65-C974CCF51C92}"
	ProjectSection(ProjectDependencies) = postProject
		{BEA2FFB9-EC01-3880-AB95-6FCC78ED1FF6} = {BEA2FFB9-EC01-3880-AB95-6FCC78ED1FF6}
		{482E2F68-3B6B-380A-A647-C2AA98BDEB73} = {482E2F68-3B6B-380A-A647-C2AA98BDEB73}
	EndProjectSection
EndProject
Global
	GlobalSection(SolutionConfigurationPlatforms) = preSolution
		Debug|x64 = Debug|x64
		Release|x64 = Release|x64
		MinSizeRel|x64 = MinSizeRel|x64
		RelWithDebInfo|x64 = RelWithDebInfo|x64
	EndGlobalSection
	GlobalSection(ProjectConfigurationPlatforms) = postSolution
		{6A9256C0-6E28-35AC-AA9A-8E2ACAD8E4EC}.Debug|x64.ActiveCfg = Debug|x64
		{6A9256C0-6E28-35AC-AA9A-8E2ACAD8E4EC}.Debug|x64.Build.0 = Debug|x64
		{6A9256C0-6E28-35AC-AA9A-8E2ACAD8E4EC}.Release|x64.ActiveCfg = Release|x64
		{6A9256C0-6E28-35AC-AA9A-8E2ACAD8E4EC}.Release|x64.Build.0 = Release|x64
		{6A9256C0-6E28-35AC-AA9A-8E2ACAD8E4EC}.MinSizeRel|x64.ActiveCfg = MinSizeRel|x64
		{6A9256C0-6E28-35AC-AA9A-8E2ACAD8E4EC}.MinSizeRel|x64.Build.0 = MinSizeRel|x64
		{6A9256C0-6E28-35AC-AA9A-8E2ACAD8E4EC}.RelWithDebInfo|x64.ActiveCfg = RelWithDebInfo|x64
		{6A9256C0-6E28-35AC-AA9A-8E2ACAD8E4EC}.RelWithDebInfo|x64.Build.0 = RelWithDebInfo|x64
		{5D8BA243-4A29-3E95-8A9A-0895F427131B}.Debug|x64.ActiveCfg = Debug|x64
		{5D8BA243-4A29-3E95-8A9A-0895F427131B}.Release|x64.ActiveCfg = Release|x64
		{5D8BA243-4A29-3E95-8A9A-0895F427131B}.MinSizeRel|x64.ActiveCfg = MinSizeRel|x64
		{5D8BA243-4A29-3E95-8A9A-0895F427131B}.RelWithDebInfo|x64.ActiveCfg = RelWithDebInfo|x64
		{83C20776-FCDA-3FFC-A19C-79D681CB447B}.Debug|x64.ActiveCfg = Debug|x64
		{83C20776-FCDA-3FFC-A19C-79D681CB447B}.Release|x64.ActiveCfg = Release|x64
		{83C20776-FCDA-3FFC-A19C-79D681CB447B}.MinSizeRel|x64.ActiveCfg = MinSizeRel|x64
		{83C20776-FCDA-3FFC-A19C-79D681CB447B}.RelWithDebInfo|x64.ActiveCfg = RelWithDebInfo|x64
		{BEA2FFB9-EC01-3880-AB95-6FCC78ED1FF6}.Debug|x64.ActiveCfg = Debug|x64
		{BEA2FFB9-EC01-3880-AB95-6FCC78ED1FF6}.Debug|x64.Build.0 = Debug|x64
		{BEA2FFB9-EC01-3880-AB95-6FCC78ED1FF6}.Release|x64.ActiveCfg = Release|x64
		{BEA2FFB9-EC01-3880-AB95-6FCC78ED1FF6}.Release|x64.Build.0 = Release|x64
		{BEA2FFB9-EC01-3880-AB95-6FCC78ED1FF6}.MinSizeRel|x64.ActiveCfg = MinSizeRel|x64
		{BEA2FFB9-EC01-3880-AB95-6FCC78ED1FF6}.MinSizeRel|x64.Build.0 = MinSizeRel|x64
		{BEA2FFB9-EC01-3880-AB95-6FCC78ED1FF6}.RelWithDebInfo|x64.ActiveCfg = RelWithDebInfo|x64
		{BEA2FFB9-EC01-3880-AB95-6FCC78ED1FF6}.RelWithDebInfo|x64.Build.0 = RelWithDebInfo|x64
		{482E2F68-3B6B-380A-A647-C2AA98BDEB73}.Debug|x64.ActiveCfg = Debug|x64
		{482E2F68-3B6B-380A-A647-C2AA98BDEB73}.Debug|x64.Build.0 = Debug|x64
		{482E2F68-3B6B-380A-A647-C2AA98BDEB73}.Release|x64.ActiveCfg = Release|x64
		{482E2F68-3B6B-380A-A647-C2AA98BDEB73}.Release|x64.Build.0 = Release|x64
		{482E2F68-3B6B-380A-A647-C2AA98BDEB73}.MinSizeRel|x64.ActiveCfg = MinSizeRel|x64
		{482E2F68-3B6B-380A-A647-C2AA98BDEB73}.MinSizeRel|x64.Build.0 = MinSizeRel|x64
		{482E2F68-3B6B-380A-A647-C2AA98BDEB73}.RelWithDebInfo|x64.ActiveCfg = RelWithDebInfo|x64
		{482E2F68-3B6B-380A-A647-C2AA98BDEB73}.RelWithDebInfo|x64.Build.0 = RelWithDebInfo|x64
		{4868DC90-6481-35AA-9CF5-7E2DF6333D01}.Debug|x64.ActiveCfg = Debug|x64
		{4868DC90-6481-35AA-9CF5-7E2DF6333D01}.Debug|x64.Build.0 = Debug|x64
		{4868DC90-6481-35AA-9CF5-7E2DF6333D01}.Release|x64.ActiveCfg = Release|x64
		{4868DC90-6481-35AA-9CF5-7E2DF6333D01}.Release|x64.Build.0 = Release|x64
		{4868DC90-6481-35AA-9CF5-7E2DF6333D01}.MinSizeRel|x64.ActiveCfg = MinSizeRel|x64
		{4868DC90-6481-35AA-9CF5-7E2DF6333D01}.MinSizeRel|x64.Build.0 = MinSizeRel|x64
		{4868DC90-6481-35AA-9CF5-7E2DF6333D01}.RelWithDebInfo|x64.ActiveCfg = RelWithDebInfo|x64
		{4868DC90-6481-35AA-9CF5-7E2DF6333D01}.RelWithDebInfo|x64.Build.0 = RelWithDebInfo|x64
		{B31491F1-AB6E-37FA-8EA1-A837A059860B}.Debug|x64.ActiveCfg = Debug|x64
		{B31491F1-AB6E-37FA-8EA1-A837A059860B}.Debug|x64.Build.0 = Debug|x64
		{B31491F1-AB6E-37FA-8EA1-A837A059860B}.Release|x64.ActiveCfg = Release|x64
		{B31491F1-AB6E-37FA-8EA1-A837A059860B}.Release|x64.Build.0 = Release|x64
		{B31491F1-AB6E-37FA-8EA1-A837A059860B}.MinSizeRel|x64.ActiveCfg = MinSizeRel|x64
		{B31491F1-AB6E-37FA-8EA1-A837A059860B}.MinSizeRel|x64.Build.0 = MinSizeRel|x64
		{B31491F1-AB6E-37FA-8EA1-A837A059860B}.RelWithDebInfo|x64.ActiveCfg = RelWithDebInfo|x64
		{B31491F1-AB6E-37FA-8EA1-A837A059860B}.RelWithDebInfo|x64.Build.0 = RelWithDebInfo|x64
		{47CAC563-498E-3DF9-B6E7-0DD3B699032B}.Debug|x64.ActiveCfg = Debug|x64
		{47CAC563-498E-3DF9-B6E7-0DD3B699032B}.Release|x64.ActiveCfg = Release|x64
		{47CAC563-498E-3DF9-B6E7-0DD3B699032B}.MinSizeRel|x64.ActiveCfg = MinSizeRel|x64
		{47CAC563-498E-3DF9-B6E7-0DD3B699032B}.RelWithDebInfo|x64.ActiveCfg = RelWithDebInfo|x64
		{06C1A429-3DC0-3E75-BB65-C974CCF51C92}.Debug|x64.ActiveCfg = Debug|x64
		{06C1A429-3DC0-3E75-BB65-C974CCF51C92}.Debug|x64.Build.0 = Debug|x64
		{06C1A429-3DC0-3E75-BB65-C974CCF51C92}.Release|x64.ActiveCfg = Release|x64
		{06C1A429-3DC0-3E75-BB65-C974CCF51C92}.Release|x64.Build.0 = Release|x64
		{06C1A429-3DC0-3E75-BB65-C974CCF51C92}.MinSizeRel|x64.ActiveCfg = MinSizeRel|x64
		{06C1A429-3DC0-3E75-BB65-C974CCF51C92}.MinSizeRel|x64.Build.0 = MinSizeRel|x64
		{06C1A429-3DC0-3E75-BB65-C974CCF51C92}.RelWithDebInfo|x64.ActiveCfg = RelWithDebInfo|x64
		{06C1A429-3DC0-3E75-BB65-C974CCF51C92}.RelWithDebInfo|x64.Build.0 = RelWithDebInfo|x64
	EndGlobalSection
	GlobalSection(NestedProjects) = preSolution
		{6A9256C0-6E28-35AC-AA9A-8E2ACAD8E4EC} = {0CD5F4E6-F4DE-3C25-9979-EFCCECE72FA0}
		{5D8BA243-4A29-3E95-8A9A-0895F427131B} = {0CD5F4E6-F4DE-3C25-9979-EFCCECE72FA0}
		{83C20776-FCDA-3FFC-A19C-79D681CB447B} = {0CD5F4E6-F4DE-3C25-9979-EFCCECE72FA0}
		{BEA2FFB9-EC01-3880-AB95-6FCC78ED1FF6} = {0CD5F4E6-F4DE-3C25-9979-EFCCECE72FA0}
		{1DDB0970-090D-31C5-AC78-AE8283979193} = {6047ADA0-A4C6-317E-B9E6-6119CA77F871}
		{482E2F68-3B6B-380A-A647-C2AA98BDEB73} = {1DDB0970-090D-31C5-AC78-AE8283979193}
		{4868DC90-6481-35AA-9CF5-7E2DF6333D01} = {1DDB0970-090D-31C5-AC78-AE8283979193}
	EndGlobalSection
	GlobalSection(ExtensibilityGlobals) = postSolution
		SolutionGuid = {17A64979-500E-370C-B5AA-F6E33B209567}
	EndGlobalSection
	GlobalSection(ExtensibilityAddIns) = postSolution
	EndGlobalSection
EndGlobal
