<?xml version="1.0" encoding="utf-8"?>
<Project ToolsVersion="17.0" xmlns="http://schemas.microsoft.com/developer/msbuild/2003">
  <ItemGroup>
    <CustomBuild Include="X:\GitDovah\obs-studio\build\CMakeFiles\01eef260fea07c7e4a967b8aa48951e3\INSTALL_force.rule">
      <Filter>CMake Rules</Filter>
    </CustomBuild>
  </ItemGroup>
  <ItemGroup>
    <Filter Include="CMake Rules">
      <UniqueIdentifier>{E07A15F6-03C0-3F47-8858-3D784F09E2BC}</UniqueIdentifier>
    </Filter>
  </ItemGroup>
</Project>
